
Microsoft Visual Studio Solution File, Format Version 12.00
Project("{FAE04EC0-301F-11D3-BF4B-00C04F79EFBC}") = "CircleUI", "CircleUI\CircleUI.csproj", "{0E1C2328-C499-4BBA-AD6D-34A2805FA420}"
EndProject
Project("{FAE04EC0-301F-11D3-BF4B-00C04F79EFBC}") = "CircleUI.Data", "CircleUI.Data\CircleUI.Data.csproj", "{D65DDC51-3312-4E4A-8F99-A926A9DA47AF}"
EndProject
Project("{FAE04EC0-301F-11D3-BF4B-00C04F79EFBC}") = "CircleUI.Core", "CircleUI.Core\CircleUI.Core.csproj", "{DF6719E0-0E01-4D1F-8D85-572AB9C1C572}"
EndProject
Global
	GlobalSection(SolutionConfigurationPlatforms) = preSolution
		Debug|Any CPU = Debug|Any CPU
		Release|Any CPU = Release|Any CPU
	EndGlobalSection
	GlobalSection(ProjectConfigurationPlatforms) = postSolution
		{0E1C2328-C499-4BBA-AD6D-34A2805FA420}.Debug|Any CPU.ActiveCfg = Debug|Any CPU
		{0E1C2328-C499-4BBA-AD6D-34A2805FA420}.Debug|Any CPU.Build.0 = Debug|Any CPU
		{0E1C2328-C499-4BBA-AD6D-34A2805FA420}.Release|Any CPU.ActiveCfg = Release|Any CPU
		{0E1C2328-C499-4BBA-AD6D-34A2805FA420}.Release|Any CPU.Build.0 = Release|Any CPU
		{D65DDC51-3312-4E4A-8F99-A926A9DA47AF}.Debug|Any CPU.ActiveCfg = Debug|Any CPU
		{D65DDC51-3312-4E4A-8F99-A926A9DA47AF}.Debug|Any CPU.Build.0 = Debug|Any CPU
		{D65DDC51-3312-4E4A-8F99-A926A9DA47AF}.Release|Any CPU.ActiveCfg = Release|Any CPU
		{D65DDC51-3312-4E4A-8F99-A926A9DA47AF}.Release|Any CPU.Build.0 = Release|Any CPU
		{DF6719E0-0E01-4D1F-8D85-572AB9C1C572}.Debug|Any CPU.ActiveCfg = Debug|Any CPU
		{DF6719E0-0E01-4D1F-8D85-572AB9C1C572}.Debug|Any CPU.Build.0 = Debug|Any CPU
		{DF6719E0-0E01-4D1F-8D85-572AB9C1C572}.Release|Any CPU.ActiveCfg = Release|Any CPU
		{DF6719E0-0E01-4D1F-8D85-572AB9C1C572}.Release|Any CPU.Build.0 = Release|Any CPU
	EndGlobalSection
EndGlobal
